// !$*UTF8*$!
{
	archiveVersion = 1;
	classes = {
	};
	objectVersion = 50;
	objects = {

/* Begin PBXBuildFile section */
		61C9D67B26F192E3008DDBB5 /* AppDelegate.swift in Sources */ = {isa = PBXBuildFile; fileRef = 61C9D67A26F192E3008DDBB5 /* AppDelegate.swift */; };
		61C9D67D26F192E3008DDBB5 /* SceneDelegate.swift in Sources */ = {isa = PBXBuildFile; fileRef = 61C9D67C26F192E3008DDBB5 /* SceneDelegate.swift */; };
		61C9D67F26F192E3008DDBB5 /* ViewController.swift in Sources */ = {isa = PBXBuildFile; fileRef = 61C9D67E26F192E3008DDBB5 /* ViewController.swift */; };
		61C9D68226F192E3008DDBB5 /* Main.storyboard in Resources */ = {isa = PBXBuildFile; fileRef = 61C9D68026F192E3008DDBB5 /* Main.storyboard */; };
		61C9D68426F192E4008DDBB5 /* Assets.xcassets in Resources */ = {isa = PBXBuildFile; fileRef = 61C9D68326F192E4008DDBB5 /* Assets.xcassets */; };
		61C9D68726F192E4008DDBB5 /* LaunchScreen.storyboard in Resources */ = {isa = PBXBuildFile; fileRef = 61C9D68526F192E4008DDBB5 /* LaunchScreen.storyboard */; };
		61C9D69226F192E5008DDBB5 /* FlixsterTests.swift in Sources */ = {isa = PBXBuildFile; fileRef = 61C9D69126F192E5008DDBB5 /* FlixsterTests.swift */; };
		61C9D69D26F192E5008DDBB5 /* FlixsterUITests.swift in Sources */ = {isa = PBXBuildFile; fileRef = 61C9D69C26F192E5008DDBB5 /* FlixsterUITests.swift */; };
/* End PBXBuildFile section */

/* Begin PBXContainerItemProxy section */
		61C9D68E26F192E5008DDBB5 /* PBXContainerItemProxy */ = {
			isa = PBXContainerItemProxy;
			containerPortal = 61C9D66F26F192E3008DDBB5 /* Project object */;
			proxyType = 1;
			remoteGlobalIDString = 61C9D67626F192E3008DDBB5;
			remoteInfo = Flixster;
		};
		61C9D69926F192E5008DDBB5 /* PBXContainerItemProxy */ = {
			isa = PBXContainerItemProxy;
			containerPortal = 61C9D66F26F192E3008DDBB5 /* Project object */;
			proxyType = 1;
			remoteGlobalIDString = 61C9D67626F192E3008DDBB5;
			remoteInfo = Flixster;
		};
/* End PBXContainerItemProxy section */

/* Begin PBXFileReference section */
		61C9D67726F192E3008DDBB5 /* Flixster.app */ = {isa = PBXFileReference; explicitFileType = wrapper.application; includeInIndex = 0; path = Flixster.app; sourceTree = BUILT_PRODUCTS_DIR; };
		61C9D67A26F192E3008DDBB5 /* AppDelegate.swift */ = {isa = PBXFileReference; lastKnownFileType = sourcecode.swift; path = AppDelegate.swift; sourceTree = "<group>"; };
		61C9D67C26F192E3008DDBB5 /* SceneDelegate.swift */ = {isa = PBXFileReference; lastKnownFileType = sourcecode.swift; path = SceneDelegate.swift; sourceTree = "<group>"; };
		61C9D67E26F192E3008DDBB5 /* ViewController.swift */ = {isa = PBXFileReference; lastKnownFileType = sourcecode.swift; path = ViewController.swift; sourceTree = "<group>"; };
		61C9D68126F192E3008DDBB5 /* Base */ = {isa = PBXFileReference; lastKnownFileType = file.storyboard; name = Base; path = Base.lproj/Main.storyboard; sourceTree = "<group>"; };
		61C9D68326F192E4008DDBB5 /* Assets.xcassets */ = {isa = PBXFileReference; lastKnownFileType = folder.assetcatalog; path = Assets.xcassets; sourceTree = "<group>"; };
		61C9D68626F192E4008DDBB5 /* Base */ = {isa = PBXFileReference; lastKnownFileType = file.storyboard; name = Base; path = Base.lproj/LaunchScreen.storyboard; sourceTree = "<group>"; };
		61C9D68826F192E4008DDBB5 /* Info.plist */ = {isa = PBXFileReference; lastKnownFileType = text.plist.xml; path = Info.plist; sourceTree = "<group>"; };
		61C9D68D26F192E5008DDBB5 /* FlixsterTests.xctest */ = {isa = PBXFileReference; explicitFileType = wrapper.cfbundle; includeInIndex = 0; path = FlixsterTests.xctest; sourceTree = BUILT_PRODUCTS_DIR; };
		61C9D69126F192E5008DDBB5 /* FlixsterTests.swift */ = {isa = PBXFileReference; lastKnownFileType = sourcecode.swift; path = FlixsterTests.swift; sourceTree = "<group>"; };
		61C9D69326F192E5008DDBB5 /* Info.plist */ = {isa = PBXFileReference; lastKnownFileType = text.plist.xml; path = Info.plist; sourceTree = "<group>"; };
		61C9D69826F192E5008DDBB5 /* FlixsterUITests.xctest */ = {isa = PBXFileReference; explicitFileType = wrapper.cfbundle; includeInIndex = 0; path = FlixsterUITests.xctest; sourceTree = BUILT_PRODUCTS_DIR; };
		61C9D69C26F192E5008DDBB5 /* FlixsterUITests.swift */ = {isa = PBXFileReference; lastKnownFileType = sourcecode.swift; path = FlixsterUITests.swift; sourceTree = "<group>"; };
		61C9D69E26F192E5008DDBB5 /* Info.plist */ = {isa = PBXFileReference; lastKnownFileType = text.plist.xml; path = Info.plist; sourceTree = "<group>"; };
/* End PBXFileReference section */

/* Begin PBXFrameworksBuildPhase section */
		61C9D67426F192E3008DDBB5 /* Frameworks */ = {
			isa = PBXFrameworksBuildPhase;
			buildActionMask = 2147483647;
			files = (
			);
			runOnlyForDeploymentPostprocessing = 0;
		};
		61C9D68A26F192E5008DDBB5 /* Frameworks */ = {
			isa = PBXFrameworksBuildPhase;
			buildActionMask = 2147483647;
			files = (
			);
			runOnlyForDeploymentPostprocessing = 0;
		};
		61C9D69526F192E5008DDBB5 /* Frameworks */ = {
			isa = PBXFrameworksBuildPhase;
			buildActionMask = 2147483647;
			files = (
			);
			runOnlyForDeploymentPostprocessing = 0;
		};
/* End PBXFrameworksBuildPhase section */

/* Begin PBXGroup section */
		61C9D66E26F192E3008DDBB5 = {
			isa = PBXGroup;
			children = (
				61C9D67926F192E3008DDBB5 /* Flixster */,
				61C9D69026F192E5008DDBB5 /* FlixsterTests */,
				61C9D69B26F192E5008DDBB5 /* FlixsterUITests */,
				61C9D67826F192E3008DDBB5 /* Products */,
			);
			sourceTree = "<group>";
		};
		61C9D67826F192E3008DDBB5 /* Products */ = {
			isa = PBXGroup;
			children = (
				61C9D67726F192E3008DDBB5 /* Flixster.app */,
				61C9D68D26F192E5008DDBB5 /* FlixsterTests.xctest */,
				61C9D69826F192E5008DDBB5 /* FlixsterUITests.xctest */,
			);
			name = Products;
			sourceTree = "<group>";
		};
		61C9D67926F192E3008DDBB5 /* Flixster */ = {
			isa = PBXGroup;
			children = (
				61C9D67A26F192E3008DDBB5 /* AppDelegate.swift */,
				61C9D67C26F192E3008DDBB5 /* SceneDelegate.swift */,
				61C9D67E26F192E3008DDBB5 /* ViewController.swift */,
				61C9D68026F192E3008DDBB5 /* Main.storyboard */,
				61C9D68326F192E4008DDBB5 /* Assets.xcassets */,
				61C9D68526F192E4008DDBB5 /* LaunchScreen.storyboard */,
				61C9D68826F192E4008DDBB5 /* Info.plist */,
			);
			path = Flixster;
			sourceTree = "<group>";
		};
		61C9D69026F192E5008DDBB5 /* FlixsterTests */ = {
			isa = PBXGroup;
			children = (
				61C9D69126F192E5008DDBB5 /* FlixsterTests.swift */,
				61C9D69326F192E5008DDBB5 /* Info.plist */,
			);
			path = FlixsterTests;
			sourceTree = "<group>";
		};
		61C9D69B26F192E5008DDBB5 /* FlixsterUITests */ = {
			isa = PBXGroup;
			children = (
				61C9D69C26F192E5008DDBB5 /* FlixsterUITests.swift */,
				61C9D69E26F192E5008DDBB5 /* Info.plist */,
			);
			path = FlixsterUITests;
			sourceTree = "<group>";
		};
/* End PBXGroup section */

/* Begin PBXNativeTarget section */
		61C9D67626F192E3008DDBB5 /* Flixster */ = {
			isa = PBXNativeTarget;
			buildConfigurationList = 61C9D6A126F192E5008DDBB5 /* Build configuration list for PBXNativeTarget "Flixster" */;
			buildPhases = (
				61C9D67326F192E3008DDBB5 /* Sources */,
				61C9D67426F192E3008DDBB5 /* Frameworks */,
				61C9D67526F192E3008DDBB5 /* Resources */,
			);
			buildRules = (
			);
			dependencies = (
			);
			name = Flixster;
			productName = Flixster;
			productReference = 61C9D67726F192E3008DDBB5 /* Flixster.app */;
			productType = "com.apple.product-type.application";
		};
		61C9D68C26F192E5008DDBB5 /* FlixsterTests */ = {
			isa = PBXNativeTarget;
			buildConfigurationList = 61C9D6A426F192E5008DDBB5 /* Build configuration list for PBXNativeTarget "FlixsterTests" */;
			buildPhases = (
				61C9D68926F192E5008DDBB5 /* Sources */,
				61C9D68A26F192E5008DDBB5 /* Frameworks */,
				61C9D68B26F192E5008DDBB5 /* Resources */,
			);
			buildRules = (
			);
			dependencies = (
				61C9D68F26F192E5008DDBB5 /* PBXTargetDependency */,
			);
			name = FlixsterTests;
			productName = FlixsterTests;
			productReference = 61C9D68D26F192E5008DDBB5 /* FlixsterTests.xctest */;
			productType = "com.apple.product-type.bundle.unit-test";
		};
		61C9D69726F192E5008DDBB5 /* FlixsterUITests */ = {
			isa = PBXNativeTarget;
			buildConfigurationList = 61C9D6A726F192E5008DDBB5 /* Build configuration list for PBXNativeTarget "FlixsterUITests" */;
			buildPhases = (
				61C9D69426F192E5008DDBB5 /* Sources */,
				61C9D69526F192E5008DDBB5 /* Frameworks */,
				61C9D69626F192E5008DDBB5 /* Resources */,
			);
			buildRules = (
			);
			dependencies = (
				61C9D69A26F192E5008DDBB5 /* PBXTargetDependency */,
			);
			name = FlixsterUITests;
			productName = FlixsterUITests;
			productReference = 61C9D69826F192E5008DDBB5 /* FlixsterUITests.xctest */;
			productType = "com.apple.product-type.bundle.ui-testing";
		};
/* End PBXNativeTarget section */

/* Begin PBXProject section */
		61C9D66F26F192E3008DDBB5 /* Project object */ = {
			isa = PBXProject;
			attributes = {
				LastSwiftUpdateCheck = 1250;
				LastUpgradeCheck = 1250;
				TargetAttributes = {
					61C9D67626F192E3008DDBB5 = {
						CreatedOnToolsVersion = 12.5.1;
					};
					61C9D68C26F192E5008DDBB5 = {
						CreatedOnToolsVersion = 12.5.1;
						TestTargetID = 61C9D67626F192E3008DDBB5;
					};
					61C9D69726F192E5008DDBB5 = {
						CreatedOnToolsVersion = 12.5.1;
						TestTargetID = 61C9D67626F192E3008DDBB5;
					};
				};
			};
			buildConfigurationList = 61C9D67226F192E3008DDBB5 /* Build configuration list for PBXProject "Flixster" */;
			compatibilityVersion = "Xcode 9.3";
			developmentRegion = en;
			hasScannedForEncodings = 0;
			knownRegions = (
				en,
				Base,
			);
			mainGroup = 61C9D66E26F192E3008DDBB5;
			productRefGroup = 61C9D67826F192E3008DDBB5 /* Products */;
			projectDirPath = "";
			projectRoot = "";
			targets = (
				61C9D67626F192E3008DDBB5 /* Flixster */,
				61C9D68C26F192E5008DDBB5 /* FlixsterTests */,
				61C9D69726F192E5008DDBB5 /* FlixsterUITests */,
			);
		};
/* End PBXProject section */

/* Begin PBXResourcesBuildPhase section */
		61C9D67526F192E3008DDBB5 /* Resources */ = {
			isa = PBXResourcesBuildPhase;
			buildActionMask = 2147483647;
			files = (
				61C9D68726F192E4008DDBB5 /* LaunchScreen.storyboard in Resources */,
				61C9D68426F192E4008DDBB5 /* Assets.xcassets in Resources */,
				61C9D68226F192E3008DDBB5 /* Main.storyboard in Resources */,
			);
			runOnlyForDeploymentPostprocessing = 0;
		};
		61C9D68B26F192E5008DDBB5 /* Resources */ = {
			isa = PBXResourcesBuildPhase;
			buildActionMask = 2147483647;
			files = (
			);
			runOnlyForDeploymentPostprocessing = 0;
		};
		61C9D69626F192E5008DDBB5 /* Resources */ = {
			isa = PBXResourcesBuildPhase;
			buildActionMask = 2147483647;
			files = (
			);
			runOnlyForDeploymentPostprocessing = 0;
		};
/* End PBXResourcesBuildPhase section */

/* Begin PBXSourcesBuildPhase section */
		61C9D67326F192E3008DDBB5 /* Sources */ = {
			isa = PBXSourcesBuildPhase;
			buildActionMask = 2147483647;
			files = (
				61C9D67F26F192E3008DDBB5 /* ViewController.swift in Sources */,
				61C9D67B26F192E3008DDBB5 /* AppDelegate.swift in Sources */,
				61C9D67D26F192E3008DDBB5 /* SceneDelegate.swift in Sources */,
			);
			runOnlyForDeploymentPostprocessing = 0;
		};
		61C9D68926F192E5008DDBB5 /* Sources */ = {
			isa = PBXSourcesBuildPhase;
			buildActionMask = 2147483647;
			files = (
				61C9D69226F192E5008DDBB5 /* FlixsterTests.swift in Sources */,
			);
			runOnlyForDeploymentPostprocessing = 0;
		};
		61C9D69426F192E5008DDBB5 /* Sources */ = {
			isa = PBXSourcesBuildPhase;
			buildActionMask = 2147483647;
			files = (
				61C9D69D26F192E5008DDBB5 /* FlixsterUITests.swift in Sources */,
			);
			runOnlyForDeploymentPostprocessing = 0;
		};
/* End PBXSourcesBuildPhase section */

/* Begin PBXTargetDependency section */
		61C9D68F26F192E5008DDBB5 /* PBXTargetDependency */ = {
			isa = PBXTargetDependency;
			target = 61C9D67626F192E3008DDBB5 /* Flixster */;
			targetProxy = 61C9D68E26F192E5008DDBB5 /* PBXContainerItemProxy */;
		};
		61C9D69A26F192E5008DDBB5 /* PBXTargetDependency */ = {
			isa = PBXTargetDependency;
			target = 61C9D67626F192E3008DDBB5 /* Flixster */;
			targetProxy = 61C9D69926F192E5008DDBB5 /* PBXContainerItemProxy */;
		};
/* End PBXTargetDependency section */

/* Begin PBXVariantGroup section */
		61C9D68026F192E3008DDBB5 /* Main.storyboard */ = {
			isa = PBXVariantGroup;
			children = (
				61C9D68126F192E3008DDBB5 /* Base */,
			);
			name = Main.storyboard;
			sourceTree = "<group>";
		};
		61C9D68526F192E4008DDBB5 /* LaunchScreen.storyboard */ = {
			isa = PBXVariantGroup;
			children = (
				61C9D68626F192E4008DDBB5 /* Base */,
			);
			name = LaunchScreen.storyboard;
			sourceTree = "<group>";
		};
/* End PBXVariantGroup section */

/* Begin XCBuildConfiguration section */
		61C9D69F26F192E5008DDBB5 /* Debug */ = {
			isa = XCBuildConfiguration;
			buildSettings = {
				ALWAYS_SEARCH_USER_PATHS = NO;
				CLANG_ANALYZER_NONNULL = YES;
				CLANG_ANALYZER_NUMBER_OBJECT_CONVERSION = YES_AGGRESSIVE;
				CLANG_CXX_LANGUAGE_STANDARD = "gnu++14";
				CLANG_CXX_LIBRARY = "libc++";
				CLANG_ENABLE_MODULES = YES;
				CLANG_ENABLE_OBJC_ARC = YES;
				CLANG_ENABLE_OBJC_WEAK = YES;
				CLANG_WARN_BLOCK_CAPTURE_AUTORELEASING = YES;
				CLANG_WARN_BOOL_CONVERSION = YES;
				CLANG_WARN_COMMA = YES;
				CLANG_WARN_CONSTANT_CONVERSION = YES;
				CLANG_WARN_DEPRECATED_OBJC_IMPLEMENTATIONS = YES;
				CLANG_WARN_DIRECT_OBJC_ISA_USAGE = YES_ERROR;
				CLANG_WARN_DOCUMENTATION_COMMENTS = YES;
				CLANG_WARN_EMPTY_BODY = YES;
				CLANG_WARN_ENUM_CONVERSION = YES;
				CLANG_WARN_INFINITE_RECURSION = YES;
				CLANG_WARN_INT_CONVERSION = YES;
				CLANG_WARN_NON_LITERAL_NULL_CONVERSION = YES;
				CLANG_WARN_OBJC_IMPLICIT_RETAIN_SELF = YES;
				CLANG_WARN_OBJC_LITERAL_CONVERSION = YES;
				CLANG_WARN_OBJC_ROOT_CLASS = YES_ERROR;
				CLANG_WARN_QUOTED_INCLUDE_IN_FRAMEWORK_HEADER = YES;
				CLANG_WARN_RANGE_LOOP_ANALYSIS = YES;
				CLANG_WARN_STRICT_PROTOTYPES = YES;
				CLANG_WARN_SUSPICIOUS_MOVE = YES;
				CLANG_WARN_UNGUARDED_AVAILABILITY = YES_AGGRESSIVE;
				CLANG_WARN_UNREACHABLE_CODE = YES;
				CLANG_WARN__DUPLICATE_METHOD_MATCH = YES;
				COPY_PHASE_STRIP = NO;
				DEBUG_INFORMATION_FORMAT = dwarf;
				ENABLE_STRICT_OBJC_MSGSEND = YES;
				ENABLE_TESTABILITY = YES;
				GCC_C_LANGUAGE_STANDARD = gnu11;
				GCC_DYNAMIC_NO_PIC = NO;
				GCC_NO_COMMON_BLOCKS = YES;
				GCC_OPTIMIZATION_LEVEL = 0;
				GCC_PREPROCESSOR_DEFINITIONS = (
					"DEBUG=1",
					"$(inherited)",
				);
				GCC_WARN_64_TO_32_BIT_CONVERSION = YES;
				GCC_WARN_ABOUT_RETURN_TYPE = YES_ERROR;
				GCC_WARN_UNDECLARED_SELECTOR = YES;
				GCC_WARN_UNINITIALIZED_AUTOS = YES_AGGRESSIVE;
				GCC_WARN_UNUSED_FUNCTION = YES;
				GCC_WARN_UNUSED_VARIABLE = YES;
				IPHONEOS_DEPLOYMENT_TARGET = 14.5;
				MTL_ENABLE_DEBUG_INFO = INCLUDE_SOURCE;
				MTL_FAST_MATH = YES;
				ONLY_ACTIVE_ARCH = YES;
				SDKROOT = iphoneos;
				SWIFT_ACTIVE_COMPILATION_CONDITIONS = DEBUG;
				SWIFT_OPTIMIZATION_LEVEL = "-Onone";
			};
			name = Debug;
		};
		61C9D6A026F192E5008DDBB5 /* Release */ = {
			isa = XCBuildConfiguration;
			buildSettings = {
				ALWAYS_SEARCH_USER_PATHS = NO;
				CLANG_ANALYZER_NONNULL = YES;
				CLANG_ANALYZER_NUMBER_OBJECT_CONVERSION = YES_AGGRESSIVE;
				CLANG_CXX_LANGUAGE_STANDARD = "gnu++14";
				CLANG_CXX_LIBRARY = "libc++";
				CLANG_ENABLE_MODULES = YES;
				CLANG_ENABLE_OBJC_ARC = YES;
				CLANG_ENABLE_OBJC_WEAK = YES;
				CLANG_WARN_BLOCK_CAPTURE_AUTORELEASING = YES;
				CLANG_WARN_BOOL_CONVERSION = YES;
				CLANG_WARN_COMMA = YES;
				CLANG_WARN_CONSTANT_CONVERSION = YES;
				CLANG_WARN_DEPRECATED_OBJC_IMPLEMENTATIONS = YES;
				CLANG_WARN_DIRECT_OBJC_ISA_USAGE = YES_ERROR;
				CLANG_WARN_DOCUMENTATION_COMMENTS = YES;
				CLANG_WARN_EMPTY_BODY = YES;
				CLANG_WARN_ENUM_CONVERSION = YES;
				CLANG_WARN_INFINITE_RECURSION = YES;
				CLANG_WARN_INT_CONVERSION = YES;
				CLANG_WARN_NON_LITERAL_NULL_CONVERSION = YES;
				CLANG_WARN_OBJC_IMPLICIT_RETAIN_SELF = YES;
				CLANG_WARN_OBJC_LITERAL_CONVERSION = YES;
				CLANG_WARN_OBJC_ROOT_CLASS = YES_ERROR;
				CLANG_WARN_QUOTED_INCLUDE_IN_FRAMEWORK_HEADER = YES;
				CLANG_WARN_RANGE_LOOP_ANALYSIS = YES;
				CLANG_WARN_STRICT_PROTOTYPES = YES;
				CLANG_WARN_SUSPICIOUS_MOVE = YES;
				CLANG_WARN_UNGUARDED_AVAILABILITY = YES_AGGRESSIVE;
				CLANG_WARN_UNREACHABLE_CODE = YES;
				CLANG_WARN__DUPLICATE_METHOD_MATCH = YES;
				COPY_PHASE_STRIP = NO;
				DEBUG_INFORMATION_FORMAT = "dwarf-with-dsym";
				ENABLE_NS_ASSERTIONS = NO;
				ENABLE_STRICT_OBJC_MSGSEND = YES;
				GCC_C_LANGUAGE_STANDARD = gnu11;
				GCC_NO_COMMON_BLOCKS = YES;
				GCC_WARN_64_TO_32_BIT_CONVERSION = YES;
				GCC_WARN_ABOUT_RETURN_TYPE = YES_ERROR;
				GCC_WARN_UNDECLARED_SELECTOR = YES;
				GCC_WARN_UNINITIALIZED_AUTOS = YES_AGGRESSIVE;
				GCC_WARN_UNUSED_FUNCTION = YES;
				GCC_WARN_UNUSED_VARIABLE = YES;
				IPHONEOS_DEPLOYMENT_TARGET = 14.5;
				MTL_ENABLE_DEBUG_INFO = NO;
				MTL_FAST_MATH = YES;
				SDKROOT = iphoneos;
				SWIFT_COMPILATION_MODE = wholemodule;
				SWIFT_OPTIMIZATION_LEVEL = "-O";
				VALIDATE_PRODUCT = YES;
			};
			name = Release;
		};
		61C9D6A226F192E5008DDBB5 /* Debug */ = {
			isa = XCBuildConfiguration;
			buildSettings = {
				ASSETCATALOG_COMPILER_APPICON_NAME = AppIcon;
				ASSETCATALOG_COMPILER_GLOBAL_ACCENT_COLOR_NAME = AccentColor;
				CODE_SIGN_STYLE = Automatic;
				INFOPLIST_FILE = Flixster/Info.plist;
				LD_RUNPATH_SEARCH_PATHS = (
					"$(inherited)",
					"@executable_path/Frameworks",
				);
				PRODUCT_BUNDLE_IDENTIFIER = codepath.Flixster;
				PRODUCT_NAME = "$(TARGET_NAME)";
				SWIFT_VERSION = 5.0;
				TARGETED_DEVICE_FAMILY = "1,2";
			};
			name = Debug;
		};
		61C9D6A326F192E5008DDBB5 /* Release */ = {
			isa = XCBuildConfiguration;
			buildSettings = {
				ASSETCATALOG_COMPILER_APPICON_NAME = AppIcon;
				ASSETCATALOG_COMPILER_GLOBAL_ACCENT_COLOR_NAME = AccentColor;
				CODE_SIGN_STYLE = Automatic;
				INFOPLIST_FILE = Flixster/Info.plist;
				LD_RUNPATH_SEARCH_PATHS = (
					"$(inherited)",
					"@executable_path/Frameworks",
				);
				PRODUCT_BUNDLE_IDENTIFIER = codepath.Flixster;
				PRODUCT_NAME = "$(TARGET_NAME)";
				SWIFT_VERSION = 5.0;
				TARGETED_DEVICE_FAMILY = "1,2";
			};
			name = Release;
		};
		61C9D6A526F192E5008DDBB5 /* Debug */ = {
			isa = XCBuildConfiguration;
			buildSettings = {
				ALWAYS_EMBED_SWIFT_STANDARD_LIBRARIES = YES;
				BUNDLE_LOADER = "$(TEST_HOST)";
				CODE_SIGN_STYLE = Automatic;
				INFOPLIST_FILE = FlixsterTests/Info.plist;
				IPHONEOS_DEPLOYMENT_TARGET = 14.5;
				LD_RUNPATH_SEARCH_PATHS = (
					"$(inherited)",
					"@executable_path/Frameworks",
					"@loader_path/Frameworks",
				);
				PRODUCT_BUNDLE_IDENTIFIER = codepath.FlixsterTests;
				PRODUCT_NAME = "$(TARGET_NAME)";
				SWIFT_VERSION = 5.0;
				TARGETED_DEVICE_FAMILY = "1,2";
				TEST_HOST = "$(BUILT_PRODUCTS_DIR)/Flixster.app/Flixster";
			};
			name = Debug;
		};
		61C9D6A626F192E5008DDBB5 /* Release */ = {
			isa = XCBuildConfiguration;
			buildSettings = {
				ALWAYS_EMBED_SWIFT_STANDARD_LIBRARIES = YES;
				BUNDLE_LOADER = "$(TEST_HOST)";
				CODE_SIGN_STYLE = Automatic;
				INFOPLIST_FILE = FlixsterTests/Info.plist;
				IPHONEOS_DEPLOYMENT_TARGET = 14.5;
				LD_RUNPATH_SEARCH_PATHS = (
					"$(inherited)",
					"@executable_path/Frameworks",
					"@loader_path/Frameworks",
				);
				PRODUCT_BUNDLE_IDENTIFIER = codepath.FlixsterTests;
				PRODUCT_NAME = "$(TARGET_NAME)";
				SWIFT_VERSION = 5.0;
				TARGETED_DEVICE_FAMILY = "1,2";
				TEST_HOST = "$(BUILT_PRODUCTS_DIR)/Flixster.app/Flixster";
			};
			name = Release;
		};
		61C9D6A826F192E5008DDBB5 /* Debug */ = {
			isa = XCBuildConfiguration;
			buildSettings = {
				ALWAYS_EMBED_SWIFT_STANDARD_LIBRARIES = YES;
				CODE_SIGN_STYLE = Automatic;
				INFOPLIST_FILE = FlixsterUITests/Info.plist;
				LD_RUNPATH_SEARCH_PATHS = (
					"$(inherited)",
					"@executable_path/Frameworks",
					"@loader_path/Frameworks",
				);
				PRODUCT_BUNDLE_IDENTIFIER = codepath.FlixsterUITests;
				PRODUCT_NAME = "$(TARGET_NAME)";
				SWIFT_VERSION = 5.0;
				TARGETED_DEVICE_FAMILY = "1,2";
				TEST_TARGET_NAME = Flixster;
			};
			name = Debug;
		};
		61C9D6A926F192E5008DDBB5 /* Release */ = {
			isa = XCBuildConfiguration;
			buildSettings = {
				ALWAYS_EMBED_SWIFT_STANDARD_LIBRARIES = YES;
				CODE_SIGN_STYLE = Automatic;
				INFOPLIST_FILE = FlixsterUITests/Info.plist;
				LD_RUNPATH_SEARCH_PATHS = (
					"$(inherited)",
					"@executable_path/Frameworks",
					"@loader_path/Frameworks",
				);
				PRODUCT_BUNDLE_IDENTIFIER = codepath.FlixsterUITests;
				PRODUCT_NAME = "$(TARGET_NAME)";
				SWIFT_VERSION = 5.0;
				TARGETED_DEVICE_FAMILY = "1,2";
				TEST_TARGET_NAME = Flixster;
			};
			name = Release;
		};
/* End XCBuildConfiguration section */

/* Begin XCConfigurationList section */
		61C9D67226F192E3008DDBB5 /* Build configuration list for PBXProject "Flixster" */ = {
			isa = XCConfigurationList;
			buildConfigurations = (
				61C9D69F26F192E5008DDBB5 /* Debug */,
				61C9D6A026F192E5008DDBB5 /* Release */,
			);
			defaultConfigurationIsVisible = 0;
			defaultConfigurationName = Release;
		};
		61C9D6A126F192E5008DDBB5 /* Build configuration list for PBXNativeTarget "Flixster" */ = {
			isa = XCConfigurationList;
			buildConfigurations = (
				61C9D6A226F192E5008DDBB5 /* Debug */,
				61C9D6A326F192E5008DDBB5 /* Release */,
			);
			defaultConfigurationIsVisible = 0;
			defaultConfigurationName = Release;
		};
		61C9D6A426F192E5008DDBB5 /* Build configuration list for PBXNativeTarget "FlixsterTests" */ = {
			isa = XCConfigurationList;
			buildConfigurations = (
				61C9D6A526F192E5008DDBB5 /* Debug */,
				61C9D6A626F192E5008DDBB5 /* Release */,
			);
			defaultConfigurationIsVisible = 0;
			defaultConfigurationName = Release;
		};
		61C9D6A726F192E5008DDBB5 /* Build configuration list for PBXNativeTarget "FlixsterUITests" */ = {
			isa = XCConfigurationList;
			buildConfigurations = (
				61C9D6A826F192E5008DDBB5 /* Debug */,
				61C9D6A926F192E5008DDBB5 /* Release */,
			);
			defaultConfigurationIsVisible = 0;
			defaultConfigurationName = Release;
		};
/* End XCConfigurationList section */
	};
	rootObject = 61C9D66F26F192E3008DDBB5 /* Project object */;
}
